// !$*UTF8*$!
{
	archiveVersion = 1;
	classes = {
	};
	objectVersion = 55;
	objects = {

/* Begin PBXBuildFile section */
		160FD4AC298E7E5A000266AC /* shapes.swift in Sources */ = {isa = PBXBuildFile; fileRef = 160FD4AB298E7E5A000266AC /* shapes.swift */; };
		160FD4AF298E8B36000266AC /* BottomSheet in Frameworks */ = {isa = PBXBuildFile; productRef = 160FD4AE298E8B36000266AC /* BottomSheet */; };
		160FD4B1298EBD7D000266AC /* forecastView.swift in Sources */ = {isa = PBXBuildFile; fileRef = 160FD4B0298EBD7D000266AC /* forecastView.swift */; };
		165B94C4298ED93300390861 /* blur.swift in Sources */ = {isa = PBXBuildFile; fileRef = 165B94C3298ED93300390861 /* blur.swift */; };
		1664419E298EF5960020E741 /* extensions.swift in Sources */ = {isa = PBXBuildFile; fileRef = 1664419D298EF5960020E741 /* extensions.swift */; };
		1681DDE7298B6005003E98A8 /* WeatherApp.swift in Sources */ = {isa = PBXBuildFile; fileRef = 1681DDE6298B6005003E98A8 /* WeatherApp.swift */; };
		1681DDE9298B6005003E98A8 /* ContentView.swift in Sources */ = {isa = PBXBuildFile; fileRef = 1681DDE8298B6005003E98A8 /* ContentView.swift */; };
		1681DDEB298B6007003E98A8 /* Assets.xcassets in Resources */ = {isa = PBXBuildFile; fileRef = 1681DDEA298B6007003E98A8 /* Assets.xcassets */; };
		1681DDEE298B6007003E98A8 /* Preview Assets.xcassets in Resources */ = {isa = PBXBuildFile; fileRef = 1681DDED298B6007003E98A8 /* Preview Assets.xcassets */; };
		1681DE02298E4E75003E98A8 /* tabBar.swift in Sources */ = {isa = PBXBuildFile; fileRef = 1681DE01298E4E75003E98A8 /* tabBar.swift */; };
		1681DE06298E6298003E98A8 /* HomeView.swift in Sources */ = {isa = PBXBuildFile; fileRef = 1681DE05298E6298003E98A8 /* HomeView.swift */; };
/* End PBXBuildFile section */

/* Begin PBXFileReference section */
		160FD4AB298E7E5A000266AC /* shapes.swift */ = {isa = PBXFileReference; lastKnownFileType = sourcecode.swift; path = shapes.swift; sourceTree = "<group>"; };
		160FD4B0298EBD7D000266AC /* forecastView.swift */ = {isa = PBXFileReference; lastKnownFileType = sourcecode.swift; path = forecastView.swift; sourceTree = "<group>"; };
		165B94C3298ED93300390861 /* blur.swift */ = {isa = PBXFileReference; lastKnownFileType = sourcecode.swift; path = blur.swift; sourceTree = "<group>"; };
		1664419D298EF5960020E741 /* extensions.swift */ = {isa = PBXFileReference; fileEncoding = 4; lastKnownFileType = sourcecode.swift; path = extensions.swift; sourceTree = "<group>"; };
		1681DDE3298B6005003E98A8 /* Weather.app */ = {isa = PBXFileReference; explicitFileType = wrapper.application; includeInIndex = 0; path = Weather.app; sourceTree = BUILT_PRODUCTS_DIR; };
		1681DDE6298B6005003E98A8 /* WeatherApp.swift */ = {isa = PBXFileReference; lastKnownFileType = sourcecode.swift; path = WeatherApp.swift; sourceTree = "<group>"; };
		1681DDE8298B6005003E98A8 /* ContentView.swift */ = {isa = PBXFileReference; lastKnownFileType = sourcecode.swift; path = ContentView.swift; sourceTree = "<group>"; };
		1681DDEA298B6007003E98A8 /* Assets.xcassets */ = {isa = PBXFileReference; lastKnownFileType = folder.assetcatalog; path = Assets.xcassets; sourceTree = "<group>"; };
		1681DDED298B6007003E98A8 /* Preview Assets.xcassets */ = {isa = PBXFileReference; lastKnownFileType = folder.assetcatalog; path = "Preview Assets.xcassets"; sourceTree = "<group>"; };
		1681DE01298E4E75003E98A8 /* tabBar.swift */ = {isa = PBXFileReference; lastKnownFileType = sourcecode.swift; path = tabBar.swift; sourceTree = "<group>"; };
		1681DE05298E6298003E98A8 /* HomeView.swift */ = {isa = PBXFileReference; lastKnownFileType = sourcecode.swift; path = HomeView.swift; sourceTree = "<group>"; };
/* End PBXFileReference section */

/* Begin PBXFrameworksBuildPhase section */
		1681DDE0298B6005003E98A8 /* Frameworks */ = {
			isa = PBXFrameworksBuildPhase;
			buildActionMask = 2147483647;
			files = (
				160FD4AF298E8B36000266AC /* BottomSheet in Frameworks */,
			);
			runOnlyForDeploymentPostprocessing = 0;
		};
/* End PBXFrameworksBuildPhase section */

/* Begin PBXGroup section */
		1681DDDA298B6005003E98A8 = {
			isa = PBXGroup;
			children = (
				1681DDE5298B6005003E98A8 /* Weather */,
				1681DDE4298B6005003E98A8 /* Products */,
			);
			sourceTree = "<group>";
		};
		1681DDE4298B6005003E98A8 /* Products */ = {
			isa = PBXGroup;
			children = (
				1681DDE3298B6005003E98A8 /* Weather.app */,
			);
			name = Products;
			sourceTree = "<group>";
		};
		1681DDE5298B6005003E98A8 /* Weather */ = {
			isa = PBXGroup;
			children = (
				1681DDE6298B6005003E98A8 /* WeatherApp.swift */,
				1681DDF4298E0CA7003E98A8 /* views */,
				1681DDF5298E0CB4003E98A8 /* models */,
				1681DDF6298E0CBE003E98A8 /* utils */,
				1681DDEA298B6007003E98A8 /* Assets.xcassets */,
				1681DDEC298B6007003E98A8 /* Preview Content */,
			);
			path = Weather;
			sourceTree = "<group>";
		};
		1681DDEC298B6007003E98A8 /* Preview Content */ = {
			isa = PBXGroup;
			children = (
				1681DDED298B6007003E98A8 /* Preview Assets.xcassets */,
			);
			path = "Preview Content";
			sourceTree = "<group>";
		};
		1681DDF4298E0CA7003E98A8 /* views */ = {
			isa = PBXGroup;
			children = (
				1681DDF9298E0E0B003E98A8 /* main */,
				1681DDF8298E0DFF003E98A8 /* navigation */,
				1681DDF7298E0DF6003E98A8 /* detail */,
				1681DDFA298E0E17003E98A8 /* components */,
			);
			path = views;
			sourceTree = "<group>";
		};
		1681DDF5298E0CB4003E98A8 /* models */ = {
			isa = PBXGroup;
			children = (
			);
			path = models;
			sourceTree = "<group>";
		};
		1681DDF6298E0CBE003E98A8 /* utils */ = {
			isa = PBXGroup;
			children = (
				160FD4AB298E7E5A000266AC /* shapes.swift */,
				1664419D298EF5960020E741 /* extensions.swift */,
			);
			path = utils;
			sourceTree = "<group>";
		};
		1681DDF7298E0DF6003E98A8 /* detail */ = {
			isa = PBXGroup;
			children = (
				160FD4B0298EBD7D000266AC /* forecastView.swift */,
			);
			path = detail;
			sourceTree = "<group>";
		};
		1681DDF8298E0DFF003E98A8 /* navigation */ = {
			isa = PBXGroup;
			children = (
				1681DE01298E4E75003E98A8 /* tabBar.swift */,
			);
			path = navigation;
			sourceTree = "<group>";
		};
		1681DDF9298E0E0B003E98A8 /* main */ = {
			isa = PBXGroup;
			children = (
				1681DDE8298B6005003E98A8 /* ContentView.swift */,
				1681DE05298E6298003E98A8 /* HomeView.swift */,
			);
			path = main;
			sourceTree = "<group>";
		};
		1681DDFA298E0E17003E98A8 /* components */ = {
			isa = PBXGroup;
			children = (
				165B94C3298ED93300390861 /* blur.swift */,
			);
			path = components;
			sourceTree = "<group>";
		};
/* End PBXGroup section */

/* Begin PBXNativeTarget section */
		1681DDE2298B6005003E98A8 /* Weather */ = {
			isa = PBXNativeTarget;
			buildConfigurationList = 1681DDF1298B6007003E98A8 /* Build configuration list for PBXNativeTarget "Weather" */;
			buildPhases = (
				1681DDDF298B6005003E98A8 /* Sources */,
				1681DDE0298B6005003E98A8 /* Frameworks */,
				1681DDE1298B6005003E98A8 /* Resources */,
			);
			buildRules = (
			);
			dependencies = (
			);
			name = Weather;
			packageProductDependencies = (
				160FD4AE298E8B36000266AC /* BottomSheet */,
			);
			productName = Weather;
			productReference = 1681DDE3298B6005003E98A8 /* Weather.app */;
			productType = "com.apple.product-type.application";
		};
/* End PBXNativeTarget section */

/* Begin PBXProject section */
		1681DDDB298B6005003E98A8 /* Project object */ = {
			isa = PBXProject;
			attributes = {
				BuildIndependentTargetsInParallel = 1;
				LastSwiftUpdateCheck = 1320;
				LastUpgradeCheck = 1320;
				TargetAttributes = {
					1681DDE2298B6005003E98A8 = {
						CreatedOnToolsVersion = 13.2.1;
					};
				};
			};
			buildConfigurationList = 1681DDDE298B6005003E98A8 /* Build configuration list for PBXProject "Weather" */;
			compatibilityVersion = "Xcode 13.0";
			developmentRegion = en;
			hasScannedForEncodings = 0;
			knownRegions = (
				en,
				Base,
			);
			mainGroup = 1681DDDA298B6005003E98A8;
			packageReferences = (
				160FD4AD298E8B36000266AC /* XCRemoteSwiftPackageReference "BottomSheet" */,
			);
			productRefGroup = 1681DDE4298B6005003E98A8 /* Products */;
			projectDirPath = "";
			projectRoot = "";
			targets = (
				1681DDE2298B6005003E98A8 /* Weather */,
			);
		};
/* End PBXProject section */

/* Begin PBXResourcesBuildPhase section */
		1681DDE1298B6005003E98A8 /* Resources */ = {
			isa = PBXResourcesBuildPhase;
			buildActionMask = 2147483647;
			files = (
				1681DDEE298B6007003E98A8 /* Preview Assets.xcassets in Resources */,
				1681DDEB298B6007003E98A8 /* Assets.xcassets in Resources */,
			);
			runOnlyForDeploymentPostprocessing = 0;
		};
/* End PBXResourcesBuildPhase section */

/* Begin PBXSourcesBuildPhase section */
		1681DDDF298B6005003E98A8 /* Sources */ = {
			isa = PBXSourcesBuildPhase;
			buildActionMask = 2147483647;
			files = (
				1681DDE9298B6005003E98A8 /* ContentView.swift in Sources */,
				1681DDE7298B6005003E98A8 /* WeatherApp.swift in Sources */,
				165B94C4298ED93300390861 /* blur.swift in Sources */,
				1664419E298EF5960020E741 /* extensions.swift in Sources */,
				160FD4AC298E7E5A000266AC /* shapes.swift in Sources */,
				1681DE06298E6298003E98A8 /* HomeView.swift in Sources */,
				1681DE02298E4E75003E98A8 /* tabBar.swift in Sources */,
				160FD4B1298EBD7D000266AC /* forecastView.swift in Sources */,
			);
			runOnlyForDeploymentPostprocessing = 0;
		};
/* End PBXSourcesBuildPhase section */

/* Begin XCBuildConfiguration section */
		1681DDEF298B6007003E98A8 /* Debug */ = {
			isa = XCBuildConfiguration;
			buildSettings = {
				ALWAYS_SEARCH_USER_PATHS = NO;
				CLANG_ANALYZER_NONNULL = YES;
				CLANG_ANALYZER_NUMBER_OBJECT_CONVERSION = YES_AGGRESSIVE;
				CLANG_CXX_LANGUAGE_STANDARD = "gnu++17";
				CLANG_CXX_LIBRARY = "libc++";
				CLANG_ENABLE_MODULES = YES;
				CLANG_ENABLE_OBJC_ARC = YES;
				CLANG_ENABLE_OBJC_WEAK = YES;
				CLANG_WARN_BLOCK_CAPTURE_AUTORELEASING = YES;
				CLANG_WARN_BOOL_CONVERSION = YES;
				CLANG_WARN_COMMA = YES;
				CLANG_WARN_CONSTANT_CONVERSION = YES;
				CLANG_WARN_DEPRECATED_OBJC_IMPLEMENTATIONS = YES;
				CLANG_WARN_DIRECT_OBJC_ISA_USAGE = YES_ERROR;
				CLANG_WARN_DOCUMENTATION_COMMENTS = YES;
				CLANG_WARN_EMPTY_BODY = YES;
				CLANG_WARN_ENUM_CONVERSION = YES;
				CLANG_WARN_INFINITE_RECURSION = YES;
				CLANG_WARN_INT_CONVERSION = YES;
				CLANG_WARN_NON_LITERAL_NULL_CONVERSION = YES;
				CLANG_WARN_OBJC_IMPLICIT_RETAIN_SELF = YES;
				CLANG_WARN_OBJC_LITERAL_CONVERSION = YES;
				CLANG_WARN_OBJC_ROOT_CLASS = YES_ERROR;
				CLANG_WARN_QUOTED_INCLUDE_IN_FRAMEWORK_HEADER = YES;
				CLANG_WARN_RANGE_LOOP_ANALYSIS = YES;
				CLANG_WARN_STRICT_PROTOTYPES = YES;
				CLANG_WARN_SUSPICIOUS_MOVE = YES;
				CLANG_WARN_UNGUARDED_AVAILABILITY = YES_AGGRESSIVE;
				CLANG_WARN_UNREACHABLE_CODE = YES;
				CLANG_WARN__DUPLICATE_METHOD_MATCH = YES;
				COPY_PHASE_STRIP = NO;
				DEBUG_INFORMATION_FORMAT = dwarf;
				ENABLE_STRICT_OBJC_MSGSEND = YES;
				ENABLE_TESTABILITY = YES;
				GCC_C_LANGUAGE_STANDARD = gnu11;
				GCC_DYNAMIC_NO_PIC = NO;
				GCC_NO_COMMON_BLOCKS = YES;
				GCC_OPTIMIZATION_LEVEL = 0;
				GCC_PREPROCESSOR_DEFINITIONS = (
					"DEBUG=1",
					"$(inherited)",
				);
				GCC_WARN_64_TO_32_BIT_CONVERSION = YES;
				GCC_WARN_ABOUT_RETURN_TYPE = YES_ERROR;
				GCC_WARN_UNDECLARED_SELECTOR = YES;
				GCC_WARN_UNINITIALIZED_AUTOS = YES_AGGRESSIVE;
				GCC_WARN_UNUSED_FUNCTION = YES;
				GCC_WARN_UNUSED_VARIABLE = YES;
				IPHONEOS_DEPLOYMENT_TARGET = 15.2;
				MTL_ENABLE_DEBUG_INFO = INCLUDE_SOURCE;
				MTL_FAST_MATH = YES;
				ONLY_ACTIVE_ARCH = YES;
				SDKROOT = iphoneos;
				SWIFT_ACTIVE_COMPILATION_CONDITIONS = DEBUG;
				SWIFT_OPTIMIZATION_LEVEL = "-Onone";
			};
			name = Debug;
		};
		1681DDF0298B6007003E98A8 /* Release */ = {
			isa = XCBuildConfiguration;
			buildSettings = {
				ALWAYS_SEARCH_USER_PATHS = NO;
				CLANG_ANALYZER_NONNULL = YES;
				CLANG_ANALYZER_NUMBER_OBJECT_CONVERSION = YES_AGGRESSIVE;
				CLANG_CXX_LANGUAGE_STANDARD = "gnu++17";
				CLANG_CXX_LIBRARY = "libc++";
				CLANG_ENABLE_MODULES = YES;
				CLANG_ENABLE_OBJC_ARC = YES;
				CLANG_ENABLE_OBJC_WEAK = YES;
				CLANG_WARN_BLOCK_CAPTURE_AUTORELEASING = YES;
				CLANG_WARN_BOOL_CONVERSION = YES;
				CLANG_WARN_COMMA = YES;
				CLANG_WARN_CONSTANT_CONVERSION = YES;
				CLANG_WARN_DEPRECATED_OBJC_IMPLEMENTATIONS = YES;
				CLANG_WARN_DIRECT_OBJC_ISA_USAGE = YES_ERROR;
				CLANG_WARN_DOCUMENTATION_COMMENTS = YES;
				CLANG_WARN_EMPTY_BODY = YES;
				CLANG_WARN_ENUM_CONVERSION = YES;
				CLANG_WARN_INFINITE_RECURSION = YES;
				CLANG_WARN_INT_CONVERSION = YES;
				CLANG_WARN_NON_LITERAL_NULL_CONVERSION = YES;
				CLANG_WARN_OBJC_IMPLICIT_RETAIN_SELF = YES;
				CLANG_WARN_OBJC_LITERAL_CONVERSION = YES;
				CLANG_WARN_OBJC_ROOT_CLASS = YES_ERROR;
				CLANG_WARN_QUOTED_INCLUDE_IN_FRAMEWORK_HEADER = YES;
				CLANG_WARN_RANGE_LOOP_ANALYSIS = YES;
				CLANG_WARN_STRICT_PROTOTYPES = YES;
				CLANG_WARN_SUSPICIOUS_MOVE = YES;
				CLANG_WARN_UNGUARDED_AVAILABILITY = YES_AGGRESSIVE;
				CLANG_WARN_UNREACHABLE_CODE = YES;
				CLANG_WARN__DUPLICATE_METHOD_MATCH = YES;
				COPY_PHASE_STRIP = NO;
				DEBUG_INFORMATION_FORMAT = "dwarf-with-dsym";
				ENABLE_NS_ASSERTIONS = NO;
				ENABLE_STRICT_OBJC_MSGSEND = YES;
				GCC_C_LANGUAGE_STANDARD = gnu11;
				GCC_NO_COMMON_BLOCKS = YES;
				GCC_WARN_64_TO_32_BIT_CONVERSION = YES;
				GCC_WARN_ABOUT_RETURN_TYPE = YES_ERROR;
				GCC_WARN_UNDECLARED_SELECTOR = YES;
				GCC_WARN_UNINITIALIZED_AUTOS = YES_AGGRESSIVE;
				GCC_WARN_UNUSED_FUNCTION = YES;
				GCC_WARN_UNUSED_VARIABLE = YES;
				IPHONEOS_DEPLOYMENT_TARGET = 15.2;
				MTL_ENABLE_DEBUG_INFO = NO;
				MTL_FAST_MATH = YES;
				SDKROOT = iphoneos;
				SWIFT_COMPILATION_MODE = wholemodule;
				SWIFT_OPTIMIZATION_LEVEL = "-O";
				VALIDATE_PRODUCT = YES;
			};
			name = Release;
		};
		1681DDF2298B6007003E98A8 /* Debug */ = {
			isa = XCBuildConfiguration;
			buildSettings = {
				ASSETCATALOG_COMPILER_APPICON_NAME = AppIcon;
				ASSETCATALOG_COMPILER_GLOBAL_ACCENT_COLOR_NAME = AccentColor;
				CODE_SIGN_STYLE = Automatic;
				CURRENT_PROJECT_VERSION = 1;
				DEVELOPMENT_ASSET_PATHS = "\"Weather/Preview Content\"";
				ENABLE_PREVIEWS = YES;
				GENERATE_INFOPLIST_FILE = YES;
				INFOPLIST_KEY_UIApplicationSceneManifest_Generation = YES;
				INFOPLIST_KEY_UIApplicationSupportsIndirectInputEvents = YES;
				INFOPLIST_KEY_UILaunchScreen_Generation = YES;
				INFOPLIST_KEY_UISupportedInterfaceOrientations_iPad = "UIInterfaceOrientationPortrait UIInterfaceOrientationPortraitUpsideDown UIInterfaceOrientationLandscapeLeft UIInterfaceOrientationLandscapeRight";
				INFOPLIST_KEY_UISupportedInterfaceOrientations_iPhone = "UIInterfaceOrientationPortrait UIInterfaceOrientationLandscapeLeft UIInterfaceOrientationLandscapeRight";
				LD_RUNPATH_SEARCH_PATHS = (
					"$(inherited)",
					"@executable_path/Frameworks",
				);
				MARKETING_VERSION = 1.0;
				PRODUCT_BUNDLE_IDENTIFIER = com.tianyi.Weather;
				PRODUCT_NAME = "$(TARGET_NAME)";
				SWIFT_EMIT_LOC_STRINGS = YES;
				SWIFT_VERSION = 5.0;
				TARGETED_DEVICE_FAMILY = "1,2";
			};
			name = Debug;
		};
		1681DDF3298B6007003E98A8 /* Release */ = {
			isa = XCBuildConfiguration;
			buildSettings = {
				ASSETCATALOG_COMPILER_APPICON_NAME = AppIcon;
				ASSETCATALOG_COMPILER_GLOBAL_ACCENT_COLOR_NAME = AccentColor;
				CODE_SIGN_STYLE = Automatic;
				CURRENT_PROJECT_VERSION = 1;
				DEVELOPMENT_ASSET_PATHS = "\"Weather/Preview Content\"";
				ENABLE_PREVIEWS = YES;
				GENERATE_INFOPLIST_FILE = YES;
				INFOPLIST_KEY_UIApplicationSceneManifest_Generation = YES;
				INFOPLIST_KEY_UIApplicationSupportsIndirectInputEvents = YES;
				INFOPLIST_KEY_UILaunchScreen_Generation = YES;
				INFOPLIST_KEY_UISupportedInterfaceOrientations_iPad = "UIInterfaceOrientationPortrait UIInterfaceOrientationPortraitUpsideDown UIInterfaceOrientationLandscapeLeft UIInterfaceOrientationLandscapeRight";
				INFOPLIST_KEY_UISupportedInterfaceOrientations_iPhone = "UIInterfaceOrientationPortrait UIInterfaceOrientationLandscapeLeft UIInterfaceOrientationLandscapeRight";
				LD_RUNPATH_SEARCH_PATHS = (
					"$(inherited)",
					"@executable_path/Frameworks",
				);
				MARKETING_VERSION = 1.0;
				PRODUCT_BUNDLE_IDENTIFIER = com.tianyi.Weather;
				PRODUCT_NAME = "$(TARGET_NAME)";
				SWIFT_EMIT_LOC_STRINGS = YES;
				SWIFT_VERSION = 5.0;
				TARGETED_DEVICE_FAMILY = "1,2";
			};
			name = Release;
		};
/* End XCBuildConfiguration section */

/* Begin XCConfigurationList section */
		1681DDDE298B6005003E98A8 /* Build configuration list for PBXProject "Weather" */ = {
			isa = XCConfigurationList;
			buildConfigurations = (
				1681DDEF298B6007003E98A8 /* Debug */,
				1681DDF0298B6007003E98A8 /* Release */,
			);
			defaultConfigurationIsVisible = 0;
			defaultConfigurationName = Release;
		};
		1681DDF1298B6007003E98A8 /* Build configuration list for PBXNativeTarget "Weather" */ = {
			isa = XCConfigurationList;
			buildConfigurations = (
				1681DDF2298B6007003E98A8 /* Debug */,
				1681DDF3298B6007003E98A8 /* Release */,
			);
			defaultConfigurationIsVisible = 0;
			defaultConfigurationName = Release;
		};
/* End XCConfigurationList section */

/* Begin XCRemoteSwiftPackageReference section */
		160FD4AD298E8B36000266AC /* XCRemoteSwiftPackageReference "BottomSheet" */ = {
			isa = XCRemoteSwiftPackageReference;
			repositoryURL = "https://github.com/Wouter125/BottomSheet";
			requirement = {
				branch = main;
				kind = branch;
			};
		};
/* End XCRemoteSwiftPackageReference section */

/* Begin XCSwiftPackageProductDependency section */
		160FD4AE298E8B36000266AC /* BottomSheet */ = {
			isa = XCSwiftPackageProductDependency;
			package = 160FD4AD298E8B36000266AC /* XCRemoteSwiftPackageReference "BottomSheet" */;
			productName = BottomSheet;
		};
/* End XCSwiftPackageProductDependency section */
	};
	rootObject = 1681DDDB298B6005003E98A8 /* Project object */;
}
