{
  "object": {
    "pins": [
      {
        "package": "BottomSheet",
        "repositoryURL": "https://github.com/Wouter125/BottomSheet",
        "state": {
          "branch": "main",
          "revision": "44ab4103c63b07777bef40b91d5a21c3a12dbda4",
          "version": null
        }
      },
      {
        "package": "FLAnimatedImage",
        "repositoryURL": "https://github.com/Flipboard/FLAnimatedImage",
        "state": {
          "branch": "master",
          "revision": "d4f07b6f164d53c1212c3e54d6460738b1981e9f",
          "version": null
        }
      }
    ]
  },
  "version": 1
}
